
Microsoft Visual Studio Solution File, Format Version 12.00
# Visual Studio Version 16
VisualStudioVersion = 16.0.29613.14
MinimumVisualStudioVersion = 10.0.40219.1
Project("{9A19103F-16F7-4668-BE54-9A1E7A4F7556}") = "InvoiceManagementApp.Api", "InvoiceManagementApp.Api\InvoiceManagementApp.Api.csproj", "{8897D20F-0CDB-49E9-A443-F451A0C825E2}"
EndProject
Project("{FAE04EC0-301F-11D3-BF4B-00C04F79EFBC}") = "InvoiceManagementApp.Domain", "InvoiceManagementApp.Domain\InvoiceManagementApp.Domain.csproj", "{22DE2BB9-4E24-48D0-B8B0-C0D7B566BCBC}"
EndProject
Global
	GlobalSection(SolutionConfigurationPlatforms) = preSolution
		Debug|Any CPU = Debug|Any CPU
		Release|Any CPU = Release|Any CPU
	EndGlobalSection
	GlobalSection(ProjectConfigurationPlatforms) = postSolution
		{8897D20F-0CDB-49E9-A443-F451A0C825E2}.Debug|Any CPU.ActiveCfg = Debug|Any CPU
		{8897D20F-0CDB-49E9-A443-F451A0C825E2}.Debug|Any CPU.Build.0 = Debug|Any CPU
		{8897D20F-0CDB-49E9-A443-F451A0C825E2}.Release|Any CPU.ActiveCfg = Release|Any CPU
		{8897D20F-0CDB-49E9-A443-F451A0C825E2}.Release|Any CPU.Build.0 = Release|Any CPU
		{22DE2BB9-4E24-48D0-B8B0-C0D7B566BCBC}.Debug|Any CPU.ActiveCfg = Debug|Any CPU
		{22DE2BB9-4E24-48D0-B8B0-C0D7B566BCBC}.Debug|Any CPU.Build.0 = Debug|Any CPU
		{22DE2BB9-4E24-48D0-B8B0-C0D7B566BCBC}.Release|Any CPU.ActiveCfg = Release|Any CPU
		{22DE2BB9-4E24-48D0-B8B0-C0D7B566BCBC}.Release|Any CPU.Build.0 = Release|Any CPU
	EndGlobalSection
	GlobalSection(SolutionProperties) = preSolution
		HideSolutionNode = FALSE
	EndGlobalSection
	GlobalSection(ExtensibilityGlobals) = postSolution
		SolutionGuid = {C514F625-C5A0-40B4-8045-2D73617B1204}
	EndGlobalSection
EndGlobal
